
Microsoft Visual Studio Solution File, Format Version 12.00
# Visual Studio 15
Project("{FAE04EC0-301F-11D3-BF4B-00C04F79EFBC}") = "Assembly-CSharp-Editor", "Assembly-CSharp-Editor.csproj", "{23A5FA02-CAFE-CA64-E320-3B84AC1C27BB}"
EndProject
Project("{FAE04EC0-301F-11D3-BF4B-00C04F79EFBC}") = "Assembly-CSharp", "Assembly-CSharp.csproj", "{D841CE6E-94D0-6472-EB98-FC89F4BC035A}"
EndProject
Project("{FAE04EC0-301F-11D3-BF4B-00C04F79EFBC}") = "Whinarn.UnityMeshSimplifier.Editor", "Whinarn.UnityMeshSimplifier.Editor.csproj", "{D8BC28B3-6146-E7FE-0BB6-50932614E7A1}"
EndProject
Project("{FAE04EC0-301F-11D3-BF4B-00C04F79EFBC}") = "Whinarn.UnityMeshSimplifier.Runtime", "Whinarn.UnityMeshSimplifier.Runtime.csproj", "{1C25DE4C-68EF-1872-8082-D6CF74A4215B}"
EndProject
Global
	GlobalSection(SolutionConfigurationPlatforms) = preSolution
		Debug|Any CPU = Debug|Any CPU
		Release|Any CPU = Release|Any CPU
	EndGlobalSection
	GlobalSection(ProjectConfigurationPlatforms) = postSolution
		{23A5FA02-CAFE-CA64-E320-3B84AC1C27BB}.Debug|Any CPU.ActiveCfg = Debug|Any CPU
		{23A5FA02-CAFE-CA64-E320-3B84AC1C27BB}.Debug|Any CPU.Build.0 = Debug|Any CPU
		{23A5FA02-CAFE-CA64-E320-3B84AC1C27BB}.Release|Any CPU.ActiveCfg = Release|Any CPU
		{23A5FA02-CAFE-CA64-E320-3B84AC1C27BB}.Release|Any CPU.Build.0 = Release|Any CPU
		{D841CE6E-94D0-6472-EB98-FC89F4BC035A}.Debug|Any CPU.ActiveCfg = Debug|Any CPU
		{D841CE6E-94D0-6472-EB98-FC89F4BC035A}.Debug|Any CPU.Build.0 = Debug|Any CPU
		{D841CE6E-94D0-6472-EB98-FC89F4BC035A}.Release|Any CPU.ActiveCfg = Release|Any CPU
		{D841CE6E-94D0-6472-EB98-FC89F4BC035A}.Release|Any CPU.Build.0 = Release|Any CPU
		{D8BC28B3-6146-E7FE-0BB6-50932614E7A1}.Debug|Any CPU.ActiveCfg = Debug|Any CPU
		{D8BC28B3-6146-E7FE-0BB6-50932614E7A1}.Debug|Any CPU.Build.0 = Debug|Any CPU
		{D8BC28B3-6146-E7FE-0BB6-50932614E7A1}.Release|Any CPU.ActiveCfg = Release|Any CPU
		{D8BC28B3-6146-E7FE-0BB6-50932614E7A1}.Release|Any CPU.Build.0 = Release|Any CPU
		{1C25DE4C-68EF-1872-8082-D6CF74A4215B}.Debug|Any CPU.ActiveCfg = Debug|Any CPU
		{1C25DE4C-68EF-1872-8082-D6CF74A4215B}.Debug|Any CPU.Build.0 = Debug|Any CPU
		{1C25DE4C-68EF-1872-8082-D6CF74A4215B}.Release|Any CPU.ActiveCfg = Release|Any CPU
		{1C25DE4C-68EF-1872-8082-D6CF74A4215B}.Release|Any CPU.Build.0 = Release|Any CPU
	EndGlobalSection
	GlobalSection(SolutionProperties) = preSolution
		HideSolutionNode = FALSE
	EndGlobalSection
EndGlobal
