
Microsoft Visual Studio Solution File, Format Version 12.00
# Visual Studio 15
Project("{FAE04EC0-301F-11D3-BF4B-00C04F79EFBC}") = "Assembly-CSharp-Editor", "Assembly-CSharp-Editor.csproj", "{77BB5202-5318-25D3-E1B6-F5CD05E3F049}"
EndProject
Project("{FAE04EC0-301F-11D3-BF4B-00C04F79EFBC}") = "Assembly-CSharp", "Assembly-CSharp.csproj", "{F606D418-0336-831F-2CA9-4B3A8894DC83}"
EndProject
Project("{FAE04EC0-301F-11D3-BF4B-00C04F79EFBC}") = "Whinarn.UnityMeshSimplifier.Editor", "Whinarn.UnityMeshSimplifier.Editor.csproj", "{09BDDDCE-E0C1-1E11-7F4D-AA3892CEDB51}"
EndProject
Project("{FAE04EC0-301F-11D3-BF4B-00C04F79EFBC}") = "Whinarn.UnityMeshSimplifier.Runtime", "Whinarn.UnityMeshSimplifier.Runtime.csproj", "{DAFB198C-A146-12DD-42A9-54302C87551B}"
EndProject
Global
	GlobalSection(SolutionConfigurationPlatforms) = preSolution
		Debug|Any CPU = Debug|Any CPU
		Release|Any CPU = Release|Any CPU
	EndGlobalSection
	GlobalSection(ProjectConfigurationPlatforms) = postSolution
		{77BB5202-5318-25D3-E1B6-F5CD05E3F049}.Debug|Any CPU.ActiveCfg = Debug|Any CPU
		{77BB5202-5318-25D3-E1B6-F5CD05E3F049}.Debug|Any CPU.Build.0 = Debug|Any CPU
		{77BB5202-5318-25D3-E1B6-F5CD05E3F049}.Release|Any CPU.ActiveCfg = Release|Any CPU
		{77BB5202-5318-25D3-E1B6-F5CD05E3F049}.Release|Any CPU.Build.0 = Release|Any CPU
		{F606D418-0336-831F-2CA9-4B3A8894DC83}.Debug|Any CPU.ActiveCfg = Debug|Any CPU
		{F606D418-0336-831F-2CA9-4B3A8894DC83}.Debug|Any CPU.Build.0 = Debug|Any CPU
		{F606D418-0336-831F-2CA9-4B3A8894DC83}.Release|Any CPU.ActiveCfg = Release|Any CPU
		{F606D418-0336-831F-2CA9-4B3A8894DC83}.Release|Any CPU.Build.0 = Release|Any CPU
		{09BDDDCE-E0C1-1E11-7F4D-AA3892CEDB51}.Debug|Any CPU.ActiveCfg = Debug|Any CPU
		{09BDDDCE-E0C1-1E11-7F4D-AA3892CEDB51}.Debug|Any CPU.Build.0 = Debug|Any CPU
		{09BDDDCE-E0C1-1E11-7F4D-AA3892CEDB51}.Release|Any CPU.ActiveCfg = Release|Any CPU
		{09BDDDCE-E0C1-1E11-7F4D-AA3892CEDB51}.Release|Any CPU.Build.0 = Release|Any CPU
		{DAFB198C-A146-12DD-42A9-54302C87551B}.Debug|Any CPU.ActiveCfg = Debug|Any CPU
		{DAFB198C-A146-12DD-42A9-54302C87551B}.Debug|Any CPU.Build.0 = Debug|Any CPU
		{DAFB198C-A146-12DD-42A9-54302C87551B}.Release|Any CPU.ActiveCfg = Release|Any CPU
		{DAFB198C-A146-12DD-42A9-54302C87551B}.Release|Any CPU.Build.0 = Release|Any CPU
	EndGlobalSection
	GlobalSection(SolutionProperties) = preSolution
		HideSolutionNode = FALSE
	EndGlobalSection
EndGlobal
