
Microsoft Visual Studio Solution File, Format Version 12.00
# Visual Studio 15
Project("{FAE04EC0-301F-11D3-BF4B-00C04F79EFBC}") = "Assembly-CSharp-Editor", "Assembly-CSharp-Editor.csproj", "{45CAA8C7-8155-C73E-3A8C-67F7A10CE648}"
EndProject
Project("{FAE04EC0-301F-11D3-BF4B-00C04F79EFBC}") = "Assembly-CSharp", "Assembly-CSharp.csproj", "{44082D99-D82B-33F1-2ED6-E8E26B0BBC10}"
EndProject
Project("{FAE04EC0-301F-11D3-BF4B-00C04F79EFBC}") = "Whinarn.UnityMeshSimplifier.Editor", "Whinarn.UnityMeshSimplifier.Editor.csproj", "{CE1F63BF-B67E-FC2E-058E-1BCF1D4E48C6}"
EndProject
Project("{FAE04EC0-301F-11D3-BF4B-00C04F79EFBC}") = "Whinarn.UnityMeshSimplifier.Runtime", "Whinarn.UnityMeshSimplifier.Runtime.csproj", "{DE97AE7B-4042-DF62-9F39-F2464BAD7466}"
EndProject
Global
	GlobalSection(SolutionConfigurationPlatforms) = preSolution
		Debug|Any CPU = Debug|Any CPU
		Release|Any CPU = Release|Any CPU
	EndGlobalSection
	GlobalSection(ProjectConfigurationPlatforms) = postSolution
		{45CAA8C7-8155-C73E-3A8C-67F7A10CE648}.Debug|Any CPU.ActiveCfg = Debug|Any CPU
		{45CAA8C7-8155-C73E-3A8C-67F7A10CE648}.Debug|Any CPU.Build.0 = Debug|Any CPU
		{45CAA8C7-8155-C73E-3A8C-67F7A10CE648}.Release|Any CPU.ActiveCfg = Release|Any CPU
		{45CAA8C7-8155-C73E-3A8C-67F7A10CE648}.Release|Any CPU.Build.0 = Release|Any CPU
		{44082D99-D82B-33F1-2ED6-E8E26B0BBC10}.Debug|Any CPU.ActiveCfg = Debug|Any CPU
		{44082D99-D82B-33F1-2ED6-E8E26B0BBC10}.Debug|Any CPU.Build.0 = Debug|Any CPU
		{44082D99-D82B-33F1-2ED6-E8E26B0BBC10}.Release|Any CPU.ActiveCfg = Release|Any CPU
		{44082D99-D82B-33F1-2ED6-E8E26B0BBC10}.Release|Any CPU.Build.0 = Release|Any CPU
		{CE1F63BF-B67E-FC2E-058E-1BCF1D4E48C6}.Debug|Any CPU.ActiveCfg = Debug|Any CPU
		{CE1F63BF-B67E-FC2E-058E-1BCF1D4E48C6}.Debug|Any CPU.Build.0 = Debug|Any CPU
		{CE1F63BF-B67E-FC2E-058E-1BCF1D4E48C6}.Release|Any CPU.ActiveCfg = Release|Any CPU
		{CE1F63BF-B67E-FC2E-058E-1BCF1D4E48C6}.Release|Any CPU.Build.0 = Release|Any CPU
		{DE97AE7B-4042-DF62-9F39-F2464BAD7466}.Debug|Any CPU.ActiveCfg = Debug|Any CPU
		{DE97AE7B-4042-DF62-9F39-F2464BAD7466}.Debug|Any CPU.Build.0 = Debug|Any CPU
		{DE97AE7B-4042-DF62-9F39-F2464BAD7466}.Release|Any CPU.ActiveCfg = Release|Any CPU
		{DE97AE7B-4042-DF62-9F39-F2464BAD7466}.Release|Any CPU.Build.0 = Release|Any CPU
	EndGlobalSection
	GlobalSection(SolutionProperties) = preSolution
		HideSolutionNode = FALSE
	EndGlobalSection
EndGlobal
